
Microsoft Visual Studio Solution File, Format Version 12.00
# Visual Studio 15
VisualStudioVersion = 15.0.28010.2046
MinimumVisualStudioVersion = 10.0.40219.1
Project("{9A19103F-16F7-4668-BE54-9A1E7A4F7556}") = "Realtime-Quotes", "Realtime-Quotes\Realtime-Quotes.csproj", "{DCD69AE0-3243-45C1-9F4E-71C26EA54AB7}"
EndProject
Global
	GlobalSection(SolutionConfigurationPlatforms) = preSolution
		Debug|Any CPU = Debug|Any CPU
		Release|Any CPU = Release|Any CPU
	EndGlobalSection
	GlobalSection(ProjectConfigurationPlatforms) = postSolution
		{DCD69AE0-3243-45C1-9F4E-71C26EA54AB7}.Debug|Any CPU.ActiveCfg = Debug|Any CPU
		{DCD69AE0-3243-45C1-9F4E-71C26EA54AB7}.Debug|Any CPU.Build.0 = Debug|Any CPU
		{DCD69AE0-3243-45C1-9F4E-71C26EA54AB7}.Release|Any CPU.ActiveCfg = Release|Any CPU
		{DCD69AE0-3243-45C1-9F4E-71C26EA54AB7}.Release|Any CPU.Build.0 = Release|Any CPU
	EndGlobalSection
	GlobalSection(SolutionProperties) = preSolution
		HideSolutionNode = FALSE
	EndGlobalSection
	GlobalSection(ExtensibilityGlobals) = postSolution
		SolutionGuid = {427786F0-2B7D-4194-8580-F5596B202D9D}
	EndGlobalSection
EndGlobal
